// !$*UTF8*$!
{
	archiveVersion = 1;
	classes = {
	};
	objectVersion = 48;
	objects = {

/* Begin PBXBuildFile section */
		DC10DB2820499F6300FFC13B /* AppDelegate.swift in Sources */ = {isa = PBXBuildFile; fileRef = DC10DB2720499F6300FFC13B /* AppDelegate.swift */; };
		DC10DB2A20499F6300FFC13B /* ViewController.swift in Sources */ = {isa = PBXBuildFile; fileRef = DC10DB2920499F6300FFC13B /* ViewController.swift */; };
		DC10DB2D20499F6300FFC13B /* Main.storyboard in Resources */ = {isa = PBXBuildFile; fileRef = DC10DB2B20499F6300FFC13B /* Main.storyboard */; };
		DC10DB2F20499F6300FFC13B /* Assets.xcassets in Resources */ = {isa = PBXBuildFile; fileRef = DC10DB2E20499F6300FFC13B /* Assets.xcassets */; };
		DC10DB3220499F6300FFC13B /* LaunchScreen.storyboard in Resources */ = {isa = PBXBuildFile; fileRef = DC10DB3020499F6300FFC13B /* LaunchScreen.storyboard */; };
		DC10DB3C2049A65000FFC13B /* HomeVC.swift in Sources */ = {isa = PBXBuildFile; fileRef = DC10DB3B2049A65000FFC13B /* HomeVC.swift */; };
/* End PBXBuildFile section */

/* Begin PBXFileReference section */
		DC10DB2420499F6300FFC13B /* Autologin-Swift4.app */ = {isa = PBXFileReference; explicitFileType = wrapper.application; includeInIndex = 0; path = "Autologin-Swift4.app"; sourceTree = BUILT_PRODUCTS_DIR; };
		DC10DB2720499F6300FFC13B /* AppDelegate.swift */ = {isa = PBXFileReference; lastKnownFileType = sourcecode.swift; path = AppDelegate.swift; sourceTree = "<group>"; };
		DC10DB2920499F6300FFC13B /* ViewController.swift */ = {isa = PBXFileReference; lastKnownFileType = sourcecode.swift; path = ViewController.swift; sourceTree = "<group>"; };
		DC10DB2C20499F6300FFC13B /* Base */ = {isa = PBXFileReference; lastKnownFileType = file.storyboard; name = Base; path = Base.lproj/Main.storyboard; sourceTree = "<group>"; };
		DC10DB2E20499F6300FFC13B /* Assets.xcassets */ = {isa = PBXFileReference; lastKnownFileType = folder.assetcatalog; path = Assets.xcassets; sourceTree = "<group>"; };
		DC10DB3120499F6300FFC13B /* Base */ = {isa = PBXFileReference; lastKnownFileType = file.storyboard; name = Base; path = Base.lproj/LaunchScreen.storyboard; sourceTree = "<group>"; };
		DC10DB3320499F6300FFC13B /* Info.plist */ = {isa = PBXFileReference; lastKnownFileType = text.plist.xml; path = Info.plist; sourceTree = "<group>"; };
		DC10DB3B2049A65000FFC13B /* HomeVC.swift */ = {isa = PBXFileReference; lastKnownFileType = sourcecode.swift; path = HomeVC.swift; sourceTree = "<group>"; };
/* End PBXFileReference section */

/* Begin PBXFrameworksBuildPhase section */
		DC10DB2120499F6300FFC13B /* Frameworks */ = {
			isa = PBXFrameworksBuildPhase;
			buildActionMask = 2147483647;
			files = (
			);
			runOnlyForDeploymentPostprocessing = 0;
		};
/* End PBXFrameworksBuildPhase section */

/* Begin PBXGroup section */
		DC10DB1B20499F6300FFC13B = {
			isa = PBXGroup;
			children = (
				DC10DB2620499F6300FFC13B /* Autologin-Swift4 */,
				DC10DB2520499F6300FFC13B /* Products */,
			);
			sourceTree = "<group>";
		};
		DC10DB2520499F6300FFC13B /* Products */ = {
			isa = PBXGroup;
			children = (
				DC10DB2420499F6300FFC13B /* Autologin-Swift4.app */,
			);
			name = Products;
			sourceTree = "<group>";
		};
		DC10DB2620499F6300FFC13B /* Autologin-Swift4 */ = {
			isa = PBXGroup;
			children = (
				DC10DB2720499F6300FFC13B /* AppDelegate.swift */,
				DC10DB2920499F6300FFC13B /* ViewController.swift */,
				DC10DB3B2049A65000FFC13B /* HomeVC.swift */,
				DC10DB2B20499F6300FFC13B /* Main.storyboard */,
				DC10DB2E20499F6300FFC13B /* Assets.xcassets */,
				DC10DB3020499F6300FFC13B /* LaunchScreen.storyboard */,
				DC10DB3320499F6300FFC13B /* Info.plist */,
			);
			path = "Autologin-Swift4";
			sourceTree = "<group>";
		};
/* End PBXGroup section */

/* Begin PBXNativeTarget section */
		DC10DB2320499F6300FFC13B /* Autologin-Swift4 */ = {
			isa = PBXNativeTarget;
			buildConfigurationList = DC10DB3620499F6300FFC13B /* Build configuration list for PBXNativeTarget "Autologin-Swift4" */;
			buildPhases = (
				DC10DB2020499F6300FFC13B /* Sources */,
				DC10DB2120499F6300FFC13B /* Frameworks */,
				DC10DB2220499F6300FFC13B /* Resources */,
			);
			buildRules = (
			);
			dependencies = (
			);
			name = "Autologin-Swift4";
			productName = "Autologin-Swift4";
			productReference = DC10DB2420499F6300FFC13B /* Autologin-Swift4.app */;
			productType = "com.apple.product-type.application";
		};
/* End PBXNativeTarget section */

/* Begin PBXProject section */
		DC10DB1C20499F6300FFC13B /* Project object */ = {
			isa = PBXProject;
			attributes = {
				LastSwiftUpdateCheck = 0920;
				LastUpgradeCheck = 0920;
				ORGANIZATIONNAME = "Aman Aggarwal";
				TargetAttributes = {
					DC10DB2320499F6300FFC13B = {
						CreatedOnToolsVersion = 9.2;
						ProvisioningStyle = Manual;
					};
				};
			};
			buildConfigurationList = DC10DB1F20499F6300FFC13B /* Build configuration list for PBXProject "Autologin-Swift4" */;
			compatibilityVersion = "Xcode 8.0";
			developmentRegion = en;
			hasScannedForEncodings = 0;
			knownRegions = (
				en,
				Base,
			);
			mainGroup = DC10DB1B20499F6300FFC13B;
			productRefGroup = DC10DB2520499F6300FFC13B /* Products */;
			projectDirPath = "";
			projectRoot = "";
			targets = (
				DC10DB2320499F6300FFC13B /* Autologin-Swift4 */,
			);
		};
/* End PBXProject section */

/* Begin PBXResourcesBuildPhase section */
		DC10DB2220499F6300FFC13B /* Resources */ = {
			isa = PBXResourcesBuildPhase;
			buildActionMask = 2147483647;
			files = (
				DC10DB3220499F6300FFC13B /* LaunchScreen.storyboard in Resources */,
				DC10DB2F20499F6300FFC13B /* Assets.xcassets in Resources */,
				DC10DB2D20499F6300FFC13B /* Main.storyboard in Resources */,
			);
			runOnlyForDeploymentPostprocessing = 0;
		};
/* End PBXResourcesBuildPhase section */

/* Begin PBXSourcesBuildPhase section */
		DC10DB2020499F6300FFC13B /* Sources */ = {
			isa = PBXSourcesBuildPhase;
			buildActionMask = 2147483647;
			files = (
				DC10DB3C2049A65000FFC13B /* HomeVC.swift in Sources */,
				DC10DB2A20499F6300FFC13B /* ViewController.swift in Sources */,
				DC10DB2820499F6300FFC13B /* AppDelegate.swift in Sources */,
			);
			runOnlyForDeploymentPostprocessing = 0;
		};
/* End PBXSourcesBuildPhase section */

/* Begin PBXVariantGroup section */
		DC10DB2B20499F6300FFC13B /* Main.storyboard */ = {
			isa = PBXVariantGroup;
			children = (
				DC10DB2C20499F6300FFC13B /* Base */,
			);
			name = Main.storyboard;
			sourceTree = "<group>";
		};
		DC10DB3020499F6300FFC13B /* LaunchScreen.storyboard */ = {
			isa = PBXVariantGroup;
			children = (
				DC10DB3120499F6300FFC13B /* Base */,
			);
			name = LaunchScreen.storyboard;
			sourceTree = "<group>";
		};
/* End PBXVariantGroup section */

/* Begin XCBuildConfiguration section */
		DC10DB3420499F6300FFC13B /* Debug */ = {
			isa = XCBuildConfiguration;
			buildSettings = {
				ALWAYS_SEARCH_USER_PATHS = NO;
				CLANG_ANALYZER_NONNULL = YES;
				CLANG_ANALYZER_NUMBER_OBJECT_CONVERSION = YES_AGGRESSIVE;
				CLANG_CXX_LANGUAGE_STANDARD = "gnu++14";
				CLANG_CXX_LIBRARY = "libc++";
				CLANG_ENABLE_MODULES = YES;
				CLANG_ENABLE_OBJC_ARC = YES;
				CLANG_WARN_BLOCK_CAPTURE_AUTORELEASING = YES;
				CLANG_WARN_BOOL_CONVERSION = YES;
				CLANG_WARN_COMMA = YES;
				CLANG_WARN_CONSTANT_CONVERSION = YES;
				CLANG_WARN_DIRECT_OBJC_ISA_USAGE = YES_ERROR;
				CLANG_WARN_DOCUMENTATION_COMMENTS = YES;
				CLANG_WARN_EMPTY_BODY = YES;
				CLANG_WARN_ENUM_CONVERSION = YES;
				CLANG_WARN_INFINITE_RECURSION = YES;
				CLANG_WARN_INT_CONVERSION = YES;
				CLANG_WARN_NON_LITERAL_NULL_CONVERSION = YES;
				CLANG_WARN_OBJC_LITERAL_CONVERSION = YES;
				CLANG_WARN_OBJC_ROOT_CLASS = YES_ERROR;
				CLANG_WARN_RANGE_LOOP_ANALYSIS = YES;
				CLANG_WARN_STRICT_PROTOTYPES = YES;
				CLANG_WARN_SUSPICIOUS_MOVE = YES;
				CLANG_WARN_UNGUARDED_AVAILABILITY = YES_AGGRESSIVE;
				CLANG_WARN_UNREACHABLE_CODE = YES;
				CLANG_WARN__DUPLICATE_METHOD_MATCH = YES;
				CODE_SIGN_IDENTITY = "iPhone Developer";
				COPY_PHASE_STRIP = NO;
				DEBUG_INFORMATION_FORMAT = dwarf;
				ENABLE_STRICT_OBJC_MSGSEND = YES;
				ENABLE_TESTABILITY = YES;
				GCC_C_LANGUAGE_STANDARD = gnu11;
				GCC_DYNAMIC_NO_PIC = NO;
				GCC_NO_COMMON_BLOCKS = YES;
				GCC_OPTIMIZATION_LEVEL = 0;
				GCC_PREPROCESSOR_DEFINITIONS = (
					"DEBUG=1",
					"$(inherited)",
				);
				GCC_WARN_64_TO_32_BIT_CONVERSION = YES;
				GCC_WARN_ABOUT_RETURN_TYPE = YES_ERROR;
				GCC_WARN_UNDECLARED_SELECTOR = YES;
				GCC_WARN_UNINITIALIZED_AUTOS = YES_AGGRESSIVE;
				GCC_WARN_UNUSED_FUNCTION = YES;
				GCC_WARN_UNUSED_VARIABLE = YES;
				IPHONEOS_DEPLOYMENT_TARGET = 11.2;
				MTL_ENABLE_DEBUG_INFO = YES;
				ONLY_ACTIVE_ARCH = YES;
				SDKROOT = iphoneos;
				SWIFT_ACTIVE_COMPILATION_CONDITIONS = DEBUG;
				SWIFT_OPTIMIZATION_LEVEL = "-Onone";
			};
			name = Debug;
		};
		DC10DB3520499F6300FFC13B /* Release */ = {
			isa = XCBuildConfiguration;
			buildSettings = {
				ALWAYS_SEARCH_USER_PATHS = NO;
				CLANG_ANALYZER_NONNULL = YES;
				CLANG_ANALYZER_NUMBER_OBJECT_CONVERSION = YES_AGGRESSIVE;
				CLANG_CXX_LANGUAGE_STANDARD = "gnu++14";
				CLANG_CXX_LIBRARY = "libc++";
				CLANG_ENABLE_MODULES = YES;
				CLANG_ENABLE_OBJC_ARC = YES;
				CLANG_WARN_BLOCK_CAPTURE_AUTORELEASING = YES;
				CLANG_WARN_BOOL_CONVERSION = YES;
				CLANG_WARN_COMMA = YES;
				CLANG_WARN_CONSTANT_CONVERSION = YES;
				CLANG_WARN_DIRECT_OBJC_ISA_USAGE = YES_ERROR;
				CLANG_WARN_DOCUMENTATION_COMMENTS = YES;
				CLANG_WARN_EMPTY_BODY = YES;
				CLANG_WARN_ENUM_CONVERSION = YES;
				CLANG_WARN_INFINITE_RECURSION = YES;
				CLANG_WARN_INT_CONVERSION = YES;
				CLANG_WARN_NON_LITERAL_NULL_CONVERSION = YES;
				CLANG_WARN_OBJC_LITERAL_CONVERSION = YES;
				CLANG_WARN_OBJC_ROOT_CLASS = YES_ERROR;
				CLANG_WARN_RANGE_LOOP_ANALYSIS = YES;
				CLANG_WARN_STRICT_PROTOTYPES = YES;
				CLANG_WARN_SUSPICIOUS_MOVE = YES;
				CLANG_WARN_UNGUARDED_AVAILABILITY = YES_AGGRESSIVE;
				CLANG_WARN_UNREACHABLE_CODE = YES;
				CLANG_WARN__DUPLICATE_METHOD_MATCH = YES;
				CODE_SIGN_IDENTITY = "iPhone Developer";
				COPY_PHASE_STRIP = NO;
				DEBUG_INFORMATION_FORMAT = "dwarf-with-dsym";
				ENABLE_NS_ASSERTIONS = NO;
				ENABLE_STRICT_OBJC_MSGSEND = YES;
				GCC_C_LANGUAGE_STANDARD = gnu11;
				GCC_NO_COMMON_BLOCKS = YES;
				GCC_WARN_64_TO_32_BIT_CONVERSION = YES;
				GCC_WARN_ABOUT_RETURN_TYPE = YES_ERROR;
				GCC_WARN_UNDECLARED_SELECTOR = YES;
				GCC_WARN_UNINITIALIZED_AUTOS = YES_AGGRESSIVE;
				GCC_WARN_UNUSED_FUNCTION = YES;
				GCC_WARN_UNUSED_VARIABLE = YES;
				IPHONEOS_DEPLOYMENT_TARGET = 11.2;
				MTL_ENABLE_DEBUG_INFO = NO;
				SDKROOT = iphoneos;
				SWIFT_OPTIMIZATION_LEVEL = "-Owholemodule";
				VALIDATE_PRODUCT = YES;
			};
			name = Release;
		};
		DC10DB3720499F6300FFC13B /* Debug */ = {
			isa = XCBuildConfiguration;
			buildSettings = {
				ASSETCATALOG_COMPILER_APPICON_NAME = AppIcon;
				CODE_SIGN_STYLE = Manual;
				DEVELOPMENT_TEAM = "";
				INFOPLIST_FILE = "Autologin-Swift4/Info.plist";
				LD_RUNPATH_SEARCH_PATHS = "$(inherited) @executable_path/Frameworks";
				PRODUCT_BUNDLE_IDENTIFIER = "com.iostutorialjunction.Autologin-Swift4";
				PRODUCT_NAME = "$(TARGET_NAME)";
				PROVISIONING_PROFILE_SPECIFIER = "";
				SWIFT_VERSION = 4.0;
				TARGETED_DEVICE_FAMILY = "1,2";
			};
			name = Debug;
		};
		DC10DB3820499F6300FFC13B /* Release */ = {
			isa = XCBuildConfiguration;
			buildSettings = {
				ASSETCATALOG_COMPILER_APPICON_NAME = AppIcon;
				CODE_SIGN_STYLE = Manual;
				DEVELOPMENT_TEAM = "";
				INFOPLIST_FILE = "Autologin-Swift4/Info.plist";
				LD_RUNPATH_SEARCH_PATHS = "$(inherited) @executable_path/Frameworks";
				PRODUCT_BUNDLE_IDENTIFIER = "com.iostutorialjunction.Autologin-Swift4";
				PRODUCT_NAME = "$(TARGET_NAME)";
				PROVISIONING_PROFILE_SPECIFIER = "";
				SWIFT_VERSION = 4.0;
				TARGETED_DEVICE_FAMILY = "1,2";
			};
			name = Release;
		};
/* End XCBuildConfiguration section */

/* Begin XCConfigurationList section */
		DC10DB1F20499F6300FFC13B /* Build configuration list for PBXProject "Autologin-Swift4" */ = {
			isa = XCConfigurationList;
			buildConfigurations = (
				DC10DB3420499F6300FFC13B /* Debug */,
				DC10DB3520499F6300FFC13B /* Release */,
			);
			defaultConfigurationIsVisible = 0;
			defaultConfigurationName = Release;
		};
		DC10DB3620499F6300FFC13B /* Build configuration list for PBXNativeTarget "Autologin-Swift4" */ = {
			isa = XCConfigurationList;
			buildConfigurations = (
				DC10DB3720499F6300FFC13B /* Debug */,
				DC10DB3820499F6300FFC13B /* Release */,
			);
			defaultConfigurationIsVisible = 0;
			defaultConfigurationName = Release;
		};
/* End XCConfigurationList section */
	};
	rootObject = DC10DB1C20499F6300FFC13B /* Project object */;
}
